// !$*UTF8*$!
{
	archiveVersion = 1;
	classes = {
	};
	objectVersion = 50;
	objects = {

/* Begin PBXBuildFile section */
		5B15E01D249B740800D7FB52 /* AppDelegate.swift in Sources */ = {isa = PBXBuildFile; fileRef = 5B15E01C249B740800D7FB52 /* AppDelegate.swift */; };
		5B15E01F249B740800D7FB52 /* ContentView.swift in Sources */ = {isa = PBXBuildFile; fileRef = 5B15E01E249B740800D7FB52 /* ContentView.swift */; };
		5B15E022249B740800D7FB52 /* Citation_Wizard.xcdatamodeld in Sources */ = {isa = PBXBuildFile; fileRef = 5B15E020249B740800D7FB52 /* Citation_Wizard.xcdatamodeld */; };
		5B15E024249B740B00D7FB52 /* Assets.xcassets in Resources */ = {isa = PBXBuildFile; fileRef = 5B15E023249B740B00D7FB52 /* Assets.xcassets */; };
		5B15E027249B740B00D7FB52 /* Preview Assets.xcassets in Resources */ = {isa = PBXBuildFile; fileRef = 5B15E026249B740B00D7FB52 /* Preview Assets.xcassets */; };
		5B15E02A249B740B00D7FB52 /* Main.storyboard in Resources */ = {isa = PBXBuildFile; fileRef = 5B15E028249B740B00D7FB52 /* Main.storyboard */; };
		5B15E033249B748300D7FB52 /* Bibliography.swift in Sources */ = {isa = PBXBuildFile; fileRef = 5B15E032249B748300D7FB52 /* Bibliography.swift */; };
		5BAD61FC249B8860009339EF /* AddCitationSheet.swift in Sources */ = {isa = PBXBuildFile; fileRef = 5BAD61FB249B8860009339EF /* AddCitationSheet.swift */; };
		5BF254F0249B78BA00AA6937 /* NavigationMaster.swift in Sources */ = {isa = PBXBuildFile; fileRef = 5BF254EF249B78BA00AA6937 /* NavigationMaster.swift */; };
		5BF254F2249B78F300AA6937 /* BibliographyList.swift in Sources */ = {isa = PBXBuildFile; fileRef = 5BF254F1249B78F300AA6937 /* BibliographyList.swift */; };
		5BF254F4249B796F00AA6937 /* BibliographyRow.swift in Sources */ = {isa = PBXBuildFile; fileRef = 5BF254F3249B796F00AA6937 /* BibliographyRow.swift */; };
		5BF254FA249B843200AA6937 /* ViewBibliography.swift in Sources */ = {isa = PBXBuildFile; fileRef = 5BF254F9249B843200AA6937 /* ViewBibliography.swift */; };
/* End PBXBuildFile section */

/* Begin PBXFileReference section */
		5B15E019249B740800D7FB52 /* Citation Wizard.app */ = {isa = PBXFileReference; explicitFileType = wrapper.application; includeInIndex = 0; path = "Citation Wizard.app"; sourceTree = BUILT_PRODUCTS_DIR; };
		5B15E01C249B740800D7FB52 /* AppDelegate.swift */ = {isa = PBXFileReference; lastKnownFileType = sourcecode.swift; path = AppDelegate.swift; sourceTree = "<group>"; };
		5B15E01E249B740800D7FB52 /* ContentView.swift */ = {isa = PBXFileReference; lastKnownFileType = sourcecode.swift; path = ContentView.swift; sourceTree = "<group>"; };
		5B15E021249B740800D7FB52 /* Citation_Wizard.xcdatamodel */ = {isa = PBXFileReference; lastKnownFileType = wrapper.xcdatamodel; path = Citation_Wizard.xcdatamodel; sourceTree = "<group>"; };
		5B15E023249B740B00D7FB52 /* Assets.xcassets */ = {isa = PBXFileReference; lastKnownFileType = folder.assetcatalog; path = Assets.xcassets; sourceTree = "<group>"; };
		5B15E026249B740B00D7FB52 /* Preview Assets.xcassets */ = {isa = PBXFileReference; lastKnownFileType = folder.assetcatalog; path = "Preview Assets.xcassets"; sourceTree = "<group>"; };
		5B15E029249B740B00D7FB52 /* Base */ = {isa = PBXFileReference; lastKnownFileType = file.storyboard; name = Base; path = Base.lproj/Main.storyboard; sourceTree = "<group>"; };
		5B15E02B249B740B00D7FB52 /* Info.plist */ = {isa = PBXFileReference; lastKnownFileType = text.plist.xml; path = Info.plist; sourceTree = "<group>"; };
		5B15E02C249B740B00D7FB52 /* Citation_Wizard.entitlements */ = {isa = PBXFileReference; lastKnownFileType = text.plist.entitlements; path = Citation_Wizard.entitlements; sourceTree = "<group>"; };
		5B15E032249B748300D7FB52 /* Bibliography.swift */ = {isa = PBXFileReference; lastKnownFileType = sourcecode.swift; path = Bibliography.swift; sourceTree = "<group>"; };
		5BAD61FB249B8860009339EF /* AddCitationSheet.swift */ = {isa = PBXFileReference; lastKnownFileType = sourcecode.swift; path = AddCitationSheet.swift; sourceTree = "<group>"; };
		5BF254EF249B78BA00AA6937 /* NavigationMaster.swift */ = {isa = PBXFileReference; lastKnownFileType = sourcecode.swift; path = NavigationMaster.swift; sourceTree = "<group>"; };
		5BF254F1249B78F300AA6937 /* BibliographyList.swift */ = {isa = PBXFileReference; lastKnownFileType = sourcecode.swift; path = BibliographyList.swift; sourceTree = "<group>"; };
		5BF254F3249B796F00AA6937 /* BibliographyRow.swift */ = {isa = PBXFileReference; lastKnownFileType = sourcecode.swift; path = BibliographyRow.swift; sourceTree = "<group>"; };
		5BF254F9249B843200AA6937 /* ViewBibliography.swift */ = {isa = PBXFileReference; lastKnownFileType = sourcecode.swift; path = ViewBibliography.swift; sourceTree = "<group>"; };
/* End PBXFileReference section */

/* Begin PBXFrameworksBuildPhase section */
		5B15E016249B740800D7FB52 /* Frameworks */ = {
			isa = PBXFrameworksBuildPhase;
			buildActionMask = 2147483647;
			files = (
			);
			runOnlyForDeploymentPostprocessing = 0;
		};
/* End PBXFrameworksBuildPhase section */

/* Begin PBXGroup section */
		5B15E010249B740800D7FB52 = {
			isa = PBXGroup;
			children = (
				5B15E01B249B740800D7FB52 /* Citation Wizard */,
				5B15E01A249B740800D7FB52 /* Products */,
			);
			sourceTree = "<group>";
		};
		5B15E01A249B740800D7FB52 /* Products */ = {
			isa = PBXGroup;
			children = (
				5B15E019249B740800D7FB52 /* Citation Wizard.app */,
			);
			name = Products;
			sourceTree = "<group>";
		};
		5B15E01B249B740800D7FB52 /* Citation Wizard */ = {
			isa = PBXGroup;
			children = (
				5B15E01C249B740800D7FB52 /* AppDelegate.swift */,
				5B15E01E249B740800D7FB52 /* ContentView.swift */,
				5B15E032249B748300D7FB52 /* Bibliography.swift */,
				5B15E023249B740B00D7FB52 /* Assets.xcassets */,
				5B15E028249B740B00D7FB52 /* Main.storyboard */,
				5B15E02B249B740B00D7FB52 /* Info.plist */,
				5B15E02C249B740B00D7FB52 /* Citation_Wizard.entitlements */,
				5B15E020249B740800D7FB52 /* Citation_Wizard.xcdatamodeld */,
				5B15E025249B740B00D7FB52 /* Preview Content */,
				5BF254EF249B78BA00AA6937 /* NavigationMaster.swift */,
				5BF254F1249B78F300AA6937 /* BibliographyList.swift */,
				5BF254F3249B796F00AA6937 /* BibliographyRow.swift */,
				5BF254F9249B843200AA6937 /* ViewBibliography.swift */,
				5BAD61FB249B8860009339EF /* AddCitationSheet.swift */,
			);
			path = "Citation Wizard";
			sourceTree = "<group>";
		};
		5B15E025249B740B00D7FB52 /* Preview Content */ = {
			isa = PBXGroup;
			children = (
				5B15E026249B740B00D7FB52 /* Preview Assets.xcassets */,
			);
			path = "Preview Content";
			sourceTree = "<group>";
		};
/* End PBXGroup section */

/* Begin PBXNativeTarget section */
		5B15E018249B740800D7FB52 /* Citation Wizard */ = {
			isa = PBXNativeTarget;
			buildConfigurationList = 5B15E02F249B740B00D7FB52 /* Build configuration list for PBXNativeTarget "Citation Wizard" */;
			buildPhases = (
				5B15E015249B740800D7FB52 /* Sources */,
				5B15E016249B740800D7FB52 /* Frameworks */,
				5B15E017249B740800D7FB52 /* Resources */,
			);
			buildRules = (
			);
			dependencies = (
			);
			name = "Citation Wizard";
			productName = "Citation Wizard";
			productReference = 5B15E019249B740800D7FB52 /* Citation Wizard.app */;
			productType = "com.apple.product-type.application";
		};
/* End PBXNativeTarget section */

/* Begin PBXProject section */
		5B15E011249B740800D7FB52 /* Project object */ = {
			isa = PBXProject;
			attributes = {
				LastSwiftUpdateCheck = 1150;
				LastUpgradeCheck = 1150;
				ORGANIZATIONNAME = "Liesel Downes";
				TargetAttributes = {
					5B15E018249B740800D7FB52 = {
						CreatedOnToolsVersion = 11.5;
					};
				};
			};
			buildConfigurationList = 5B15E014249B740800D7FB52 /* Build configuration list for PBXProject "Citation Wizard" */;
			compatibilityVersion = "Xcode 9.3";
			developmentRegion = en;
			hasScannedForEncodings = 0;
			knownRegions = (
				en,
				Base,
			);
			mainGroup = 5B15E010249B740800D7FB52;
			productRefGroup = 5B15E01A249B740800D7FB52 /* Products */;
			projectDirPath = "";
			projectRoot = "";
			targets = (
				5B15E018249B740800D7FB52 /* Citation Wizard */,
			);
		};
/* End PBXProject section */

/* Begin PBXResourcesBuildPhase section */
		5B15E017249B740800D7FB52 /* Resources */ = {
			isa = PBXResourcesBuildPhase;
			buildActionMask = 2147483647;
			files = (
				5B15E02A249B740B00D7FB52 /* Main.storyboard in Resources */,
				5B15E027249B740B00D7FB52 /* Preview Assets.xcassets in Resources */,
				5B15E024249B740B00D7FB52 /* Assets.xcassets in Resources */,
			);
			runOnlyForDeploymentPostprocessing = 0;
		};
/* End PBXResourcesBuildPhase section */

/* Begin PBXSourcesBuildPhase section */
		5B15E015249B740800D7FB52 /* Sources */ = {
			isa = PBXSourcesBuildPhase;
			buildActionMask = 2147483647;
			files = (
				5BAD61FC249B8860009339EF /* AddCitationSheet.swift in Sources */,
				5BF254FA249B843200AA6937 /* ViewBibliography.swift in Sources */,
				5BF254F4249B796F00AA6937 /* BibliographyRow.swift in Sources */,
				5B15E022249B740800D7FB52 /* Citation_Wizard.xcdatamodeld in Sources */,
				5BF254F2249B78F300AA6937 /* BibliographyList.swift in Sources */,
				5B15E033249B748300D7FB52 /* Bibliography.swift in Sources */,
				5B15E01F249B740800D7FB52 /* ContentView.swift in Sources */,
				5BF254F0249B78BA00AA6937 /* NavigationMaster.swift in Sources */,
				5B15E01D249B740800D7FB52 /* AppDelegate.swift in Sources */,
			);
			runOnlyForDeploymentPostprocessing = 0;
		};
/* End PBXSourcesBuildPhase section */

/* Begin PBXVariantGroup section */
		5B15E028249B740B00D7FB52 /* Main.storyboard */ = {
			isa = PBXVariantGroup;
			children = (
				5B15E029249B740B00D7FB52 /* Base */,
			);
			name = Main.storyboard;
			sourceTree = "<group>";
		};
/* End PBXVariantGroup section */

/* Begin XCBuildConfiguration section */
		5B15E02D249B740B00D7FB52 /* Debug */ = {
			isa = XCBuildConfiguration;
			buildSettings = {
				ALWAYS_SEARCH_USER_PATHS = NO;
				CLANG_ANALYZER_NONNULL = YES;
				CLANG_ANALYZER_NUMBER_OBJECT_CONVERSION = YES_AGGRESSIVE;
				CLANG_CXX_LANGUAGE_STANDARD = "gnu++14";
				CLANG_CXX_LIBRARY = "libc++";
				CLANG_ENABLE_MODULES = YES;
				CLANG_ENABLE_OBJC_ARC = YES;
				CLANG_ENABLE_OBJC_WEAK = YES;
				CLANG_WARN_BLOCK_CAPTURE_AUTORELEASING = YES;
				CLANG_WARN_BOOL_CONVERSION = YES;
				CLANG_WARN_COMMA = YES;
				CLANG_WARN_CONSTANT_CONVERSION = YES;
				CLANG_WARN_DEPRECATED_OBJC_IMPLEMENTATIONS = YES;
				CLANG_WARN_DIRECT_OBJC_ISA_USAGE = YES_ERROR;
				CLANG_WARN_DOCUMENTATION_COMMENTS = YES;
				CLANG_WARN_EMPTY_BODY = YES;
				CLANG_WARN_ENUM_CONVERSION = YES;
				CLANG_WARN_INFINITE_RECURSION = YES;
				CLANG_WARN_INT_CONVERSION = YES;
				CLANG_WARN_NON_LITERAL_NULL_CONVERSION = YES;
				CLANG_WARN_OBJC_IMPLICIT_RETAIN_SELF = YES;
				CLANG_WARN_OBJC_LITERAL_CONVERSION = YES;
				CLANG_WARN_OBJC_ROOT_CLASS = YES_ERROR;
				CLANG_WARN_RANGE_LOOP_ANALYSIS = YES;
				CLANG_WARN_STRICT_PROTOTYPES = YES;
				CLANG_WARN_SUSPICIOUS_MOVE = YES;
				CLANG_WARN_UNGUARDED_AVAILABILITY = YES_AGGRESSIVE;
				CLANG_WARN_UNREACHABLE_CODE = YES;
				CLANG_WARN__DUPLICATE_METHOD_MATCH = YES;
				COPY_PHASE_STRIP = NO;
				DEBUG_INFORMATION_FORMAT = dwarf;
				ENABLE_STRICT_OBJC_MSGSEND = YES;
				ENABLE_TESTABILITY = YES;
				GCC_C_LANGUAGE_STANDARD = gnu11;
				GCC_DYNAMIC_NO_PIC = NO;
				GCC_NO_COMMON_BLOCKS = YES;
				GCC_OPTIMIZATION_LEVEL = 0;
				GCC_PREPROCESSOR_DEFINITIONS = (
					"DEBUG=1",
					"$(inherited)",
				);
				GCC_WARN_64_TO_32_BIT_CONVERSION = YES;
				GCC_WARN_ABOUT_RETURN_TYPE = YES_ERROR;
				GCC_WARN_UNDECLARED_SELECTOR = YES;
				GCC_WARN_UNINITIALIZED_AUTOS = YES_AGGRESSIVE;
				GCC_WARN_UNUSED_FUNCTION = YES;
				GCC_WARN_UNUSED_VARIABLE = YES;
				MACOSX_DEPLOYMENT_TARGET = 10.15;
				MTL_ENABLE_DEBUG_INFO = INCLUDE_SOURCE;
				MTL_FAST_MATH = YES;
				ONLY_ACTIVE_ARCH = YES;
				SDKROOT = macosx;
				SWIFT_ACTIVE_COMPILATION_CONDITIONS = DEBUG;
				SWIFT_OPTIMIZATION_LEVEL = "-Onone";
			};
			name = Debug;
		};
		5B15E02E249B740B00D7FB52 /* Release */ = {
			isa = XCBuildConfiguration;
			buildSettings = {
				ALWAYS_SEARCH_USER_PATHS = NO;
				CLANG_ANALYZER_NONNULL = YES;
				CLANG_ANALYZER_NUMBER_OBJECT_CONVERSION = YES_AGGRESSIVE;
				CLANG_CXX_LANGUAGE_STANDARD = "gnu++14";
				CLANG_CXX_LIBRARY = "libc++";
				CLANG_ENABLE_MODULES = YES;
				CLANG_ENABLE_OBJC_ARC = YES;
				CLANG_ENABLE_OBJC_WEAK = YES;
				CLANG_WARN_BLOCK_CAPTURE_AUTORELEASING = YES;
				CLANG_WARN_BOOL_CONVERSION = YES;
				CLANG_WARN_COMMA = YES;
				CLANG_WARN_CONSTANT_CONVERSION = YES;
				CLANG_WARN_DEPRECATED_OBJC_IMPLEMENTATIONS = YES;
				CLANG_WARN_DIRECT_OBJC_ISA_USAGE = YES_ERROR;
				CLANG_WARN_DOCUMENTATION_COMMENTS = YES;
				CLANG_WARN_EMPTY_BODY = YES;
				CLANG_WARN_ENUM_CONVERSION = YES;
				CLANG_WARN_INFINITE_RECURSION = YES;
				CLANG_WARN_INT_CONVERSION = YES;
				CLANG_WARN_NON_LITERAL_NULL_CONVERSION = YES;
				CLANG_WARN_OBJC_IMPLICIT_RETAIN_SELF = YES;
				CLANG_WARN_OBJC_LITERAL_CONVERSION = YES;
				CLANG_WARN_OBJC_ROOT_CLASS = YES_ERROR;
				CLANG_WARN_RANGE_LOOP_ANALYSIS = YES;
				CLANG_WARN_STRICT_PROTOTYPES = YES;
				CLANG_WARN_SUSPICIOUS_MOVE = YES;
				CLANG_WARN_UNGUARDED_AVAILABILITY = YES_AGGRESSIVE;
				CLANG_WARN_UNREACHABLE_CODE = YES;
				CLANG_WARN__DUPLICATE_METHOD_MATCH = YES;
				COPY_PHASE_STRIP = NO;
				DEBUG_INFORMATION_FORMAT = "dwarf-with-dsym";
				ENABLE_NS_ASSERTIONS = NO;
				ENABLE_STRICT_OBJC_MSGSEND = YES;
				GCC_C_LANGUAGE_STANDARD = gnu11;
				GCC_NO_COMMON_BLOCKS = YES;
				GCC_WARN_64_TO_32_BIT_CONVERSION = YES;
				GCC_WARN_ABOUT_RETURN_TYPE = YES_ERROR;
				GCC_WARN_UNDECLARED_SELECTOR = YES;
				GCC_WARN_UNINITIALIZED_AUTOS = YES_AGGRESSIVE;
				GCC_WARN_UNUSED_FUNCTION = YES;
				GCC_WARN_UNUSED_VARIABLE = YES;
				MACOSX_DEPLOYMENT_TARGET = 10.15;
				MTL_ENABLE_DEBUG_INFO = NO;
				MTL_FAST_MATH = YES;
				SDKROOT = macosx;
				SWIFT_COMPILATION_MODE = wholemodule;
				SWIFT_OPTIMIZATION_LEVEL = "-O";
			};
			name = Release;
		};
		5B15E030249B740B00D7FB52 /* Debug */ = {
			isa = XCBuildConfiguration;
			buildSettings = {
				ASSETCATALOG_COMPILER_APPICON_NAME = AppIcon;
				CODE_SIGN_ENTITLEMENTS = "Citation Wizard/Citation_Wizard.entitlements";
				CODE_SIGN_STYLE = Automatic;
				COMBINE_HIDPI_IMAGES = YES;
				DEVELOPMENT_ASSET_PATHS = "\"Citation Wizard/Preview Content\"";
				DEVELOPMENT_TEAM = Z7ZA2FYJT4;
				ENABLE_HARDENED_RUNTIME = YES;
				ENABLE_PREVIEWS = YES;
				INFOPLIST_FILE = "Citation Wizard/Info.plist";
				LD_RUNPATH_SEARCH_PATHS = (
					"$(inherited)",
					"@executable_path/../Frameworks",
				);
				MACOSX_DEPLOYMENT_TARGET = 10.15;
				PRODUCT_BUNDLE_IDENTIFIER = "lieseld.Citation-Wizard";
				PRODUCT_NAME = "$(TARGET_NAME)";
				SWIFT_VERSION = 5.0;
			};
			name = Debug;
		};
		5B15E031249B740B00D7FB52 /* Release */ = {
			isa = XCBuildConfiguration;
			buildSettings = {
				ASSETCATALOG_COMPILER_APPICON_NAME = AppIcon;
				CODE_SIGN_ENTITLEMENTS = "Citation Wizard/Citation_Wizard.entitlements";
				CODE_SIGN_STYLE = Automatic;
				COMBINE_HIDPI_IMAGES = YES;
				DEVELOPMENT_ASSET_PATHS = "\"Citation Wizard/Preview Content\"";
				DEVELOPMENT_TEAM = Z7ZA2FYJT4;
				ENABLE_HARDENED_RUNTIME = YES;
				ENABLE_PREVIEWS = YES;
				INFOPLIST_FILE = "Citation Wizard/Info.plist";
				LD_RUNPATH_SEARCH_PATHS = (
					"$(inherited)",
					"@executable_path/../Frameworks",
				);
				MACOSX_DEPLOYMENT_TARGET = 10.15;
				PRODUCT_BUNDLE_IDENTIFIER = "lieseld.Citation-Wizard";
				PRODUCT_NAME = "$(TARGET_NAME)";
				SWIFT_VERSION = 5.0;
			};
			name = Release;
		};
/* End XCBuildConfiguration section */

/* Begin XCConfigurationList section */
		5B15E014249B740800D7FB52 /* Build configuration list for PBXProject "Citation Wizard" */ = {
			isa = XCConfigurationList;
			buildConfigurations = (
				5B15E02D249B740B00D7FB52 /* Debug */,
				5B15E02E249B740B00D7FB52 /* Release */,
			);
			defaultConfigurationIsVisible = 0;
			defaultConfigurationName = Release;
		};
		5B15E02F249B740B00D7FB52 /* Build configuration list for PBXNativeTarget "Citation Wizard" */ = {
			isa = XCConfigurationList;
			buildConfigurations = (
				5B15E030249B740B00D7FB52 /* Debug */,
				5B15E031249B740B00D7FB52 /* Release */,
			);
			defaultConfigurationIsVisible = 0;
			defaultConfigurationName = Release;
		};
/* End XCConfigurationList section */

/* Begin XCVersionGroup section */
		5B15E020249B740800D7FB52 /* Citation_Wizard.xcdatamodeld */ = {
			isa = XCVersionGroup;
			children = (
				5B15E021249B740800D7FB52 /* Citation_Wizard.xcdatamodel */,
			);
			currentVersion = 5B15E021249B740800D7FB52 /* Citation_Wizard.xcdatamodel */;
			path = Citation_Wizard.xcdatamodeld;
			sourceTree = "<group>";
			versionGroupType = wrapper.xcdatamodel;
		};
/* End XCVersionGroup section */
	};
	rootObject = 5B15E011249B740800D7FB52 /* Project object */;
}
